
Microsoft Visual Studio Solution File, Format Version 12.00
# Visual Studio Version 17
VisualStudioVersion = 17.4.33110.190
MinimumVisualStudioVersion = 10.0.40219.1
Project("{FAE04EC0-301F-11D3-BF4B-00C04F79EFBC}") = "Pokemon", "Pokemon\Pokemon.csproj", "{98361E9F-4393-4DA6-98F0-3F54C82B9C07}"
EndProject
Global
	GlobalSection(SolutionConfigurationPlatforms) = preSolution
		Debug|Any CPU = Debug|Any CPU
		Release|Any CPU = Release|Any CPU
	EndGlobalSection
	GlobalSection(ProjectConfigurationPlatforms) = postSolution
		{98361E9F-4393-4DA6-98F0-3F54C82B9C07}.Debug|Any CPU.ActiveCfg = Debug|Any CPU
		{98361E9F-4393-4DA6-98F0-3F54C82B9C07}.Debug|Any CPU.Build.0 = Debug|Any CPU
		{98361E9F-4393-4DA6-98F0-3F54C82B9C07}.Release|Any CPU.ActiveCfg = Release|Any CPU
		{98361E9F-4393-4DA6-98F0-3F54C82B9C07}.Release|Any CPU.Build.0 = Release|Any CPU
	EndGlobalSection
	GlobalSection(SolutionProperties) = preSolution
		HideSolutionNode = FALSE
	EndGlobalSection
	GlobalSection(ExtensibilityGlobals) = postSolution
		SolutionGuid = {534D6E7C-FAE8-4AFD-9215-409AF7C20080}
	EndGlobalSection
EndGlobal
